
Microsoft Visual Studio Solution File, Format Version 12.00
# Visual Studio Version 17
VisualStudioVersion = 17.14.36518.9 d17.14
MinimumVisualStudioVersion = 10.0.40219.1
Project("{FAE04EC0-301F-11D3-BF4B-00C04F79EFBC}") = "Lab 2", "Lab 2\Lab 2.csproj", "{0027D32E-6591-419A-BBC0-7B87B3028243}"
EndProject
Global
	GlobalSection(SolutionConfigurationPlatforms) = preSolution
		Debug|Any CPU = Debug|Any CPU
		Release|Any CPU = Release|Any CPU
	EndGlobalSection
	GlobalSection(ProjectConfigurationPlatforms) = postSolution
		{0027D32E-6591-419A-BBC0-7B87B3028243}.Debug|Any CPU.ActiveCfg = Debug|Any CPU
		{0027D32E-6591-419A-BBC0-7B87B3028243}.Debug|Any CPU.Build.0 = Debug|Any CPU
		{0027D32E-6591-419A-BBC0-7B87B3028243}.Release|Any CPU.ActiveCfg = Release|Any CPU
		{0027D32E-6591-419A-BBC0-7B87B3028243}.Release|Any CPU.Build.0 = Release|Any CPU
	EndGlobalSection
	GlobalSection(SolutionProperties) = preSolution
		HideSolutionNode = FALSE
	EndGlobalSection
	GlobalSection(ExtensibilityGlobals) = postSolution
		SolutionGuid = {33A4CC19-8001-45E3-A3C6-8C5FF28636DE}
	EndGlobalSection
EndGlobal
